
Microsoft Visual Studio Solution File, Format Version 9.00
# Visual Studio 2005
Project("{E24C65DC-7377-472B-9ABA-BC803B73C61A}") = "D:\...\StockService\", "StockService\", "{6CDA4085-DEB9-4CC6-A669-957552F7AA25}"
	ProjectSection(WebsiteProperties) = preProject
		Debug.AspNetCompiler.VirtualPath = "/StockService"
		Debug.AspNetCompiler.PhysicalPath = "StockService\"
		Debug.AspNetCompiler.TargetPath = "PrecompiledWeb\StockService\"
		Debug.AspNetCompiler.Updateable = "true"
		Debug.AspNetCompiler.ForceOverwrite = "true"
		Debug.AspNetCompiler.FixedNames = "false"
		Debug.AspNetCompiler.Debug = "True"
		Release.AspNetCompiler.VirtualPath = "/StockService"
		Release.AspNetCompiler.PhysicalPath = "StockService\"
		Release.AspNetCompiler.TargetPath = "PrecompiledWeb\StockService\"
		Release.AspNetCompiler.Updateable = "true"
		Release.AspNetCompiler.ForceOverwrite = "true"
		Release.AspNetCompiler.FixedNames = "false"
		Release.AspNetCompiler.Debug = "False"
		VWDPort = "1618"
		VWDDynamicPort = "false"
	EndProjectSection
EndProject
Global
	GlobalSection(SolutionConfigurationPlatforms) = preSolution
		Debug|.NET = Debug|.NET
	EndGlobalSection
	GlobalSection(ProjectConfigurationPlatforms) = postSolution
		{6CDA4085-DEB9-4CC6-A669-957552F7AA25}.Debug|.NET.ActiveCfg = Debug|.NET
		{6CDA4085-DEB9-4CC6-A669-957552F7AA25}.Debug|.NET.Build.0 = Debug|.NET
	EndGlobalSection
	GlobalSection(SolutionProperties) = preSolution
		HideSolutionNode = FALSE
	EndGlobalSection
EndGlobal
