
Microsoft Visual Studio Solution File, Format Version 9.00
# Visual Studio 2005
Project("{8BC9CEB8-8B4A-11D0-8D11-00A0C91BC942}") = "Framework", "Framework.vcproj", "{D4CBCA66-18FA-453D-BE72-A13AFE5C4F22}"
EndProject
Global
	GlobalSection(SolutionConfigurationPlatforms) = preSolution
		Debug|Win32 = Debug|Win32
		Release|Win32 = Release|Win32
	EndGlobalSection
	GlobalSection(ProjectConfigurationPlatforms) = postSolution
		{D4CBCA66-18FA-453D-BE72-A13AFE5C4F22}.Debug|Win32.ActiveCfg = Debug|Win32
		{D4CBCA66-18FA-453D-BE72-A13AFE5C4F22}.Debug|Win32.Build.0 = Debug|Win32
		{D4CBCA66-18FA-453D-BE72-A13AFE5C4F22}.Release|Win32.ActiveCfg = Release|Win32
		{D4CBCA66-18FA-453D-BE72-A13AFE5C4F22}.Release|Win32.Build.0 = Release|Win32
	EndGlobalSection
	GlobalSection(SolutionProperties) = preSolution
		HideSolutionNode = FALSE
	EndGlobalSection
EndGlobal
